<?xml version="1.0" encoding="utf-8"?>
<Project ToolsVersion="4.0" xmlns="http://schemas.microsoft.com/developer/msbuild/2003">
  <ItemGroup>
    <Filter Include="h">
      <UniqueIdentifier>{93995380-89BD-4b04-88EB-625FBE52EBFB}</UniqueIdentifier>
      <Extensions>h;hh;hpp;hxx;hm;inl;inc;ipp;xsd</Extensions>
    </Filter>
    <Filter Include="cpp">
      <UniqueIdentifier>{4FC737F1-C7A5-4376-A066-2A32D752A2FF}</UniqueIdentifier>
      <Extensions>cpp;c;cc;cxx;def;odl;idl;hpj;bat;asm;asmx</Extensions>
    </Filter>
    <Filter Include="inl">
      <UniqueIdentifier>{0ecf381f-95a9-4356-a187-5d4dc213157b}</UniqueIdentifier>
    </Filter>
  </ItemGroup>
  <ItemGroup>
    <ClInclude Include="Source\CustomLocator.h">
      <Filter>h</Filter>
    </ClInclude>
  </ItemGroup>
  <ItemGroup>
    <ClCompile Include="Source\CustomLocator_draw.cpp">
      <Filter>cpp</Filter>
    </ClCompile>
    <ClCompile Include="Source\CustomLocator.cpp">
      <Filter>cpp</Filter>
    </ClCompile>
    <ClCompile Include="Source\MayaPluginsMain.cpp">
      <Filter>cpp</Filter>
    </ClCompile>
  </ItemGroup>
  <ItemGroup>
    <None Include="Source\CustomLocator.inl">
      <Filter>inl</Filter>
    </None>
    <None Include="Source\CustomLocator_shape.inl">
      <Filter>inl</Filter>
    </None>
  </ItemGroup>
</Project>