<?xml version="1.0" encoding="utf-8"?>
<Project ToolsVersion="4.0" xmlns="http://schemas.microsoft.com/developer/msbuild/2003">
  <ItemGroup>
    <Filter Include="h">
      <UniqueIdentifier>{5fe6e60d-9350-4cf4-bdea-8d83e2c65cbb}</UniqueIdentifier>
    </Filter>
    <Filter Include="inl">
      <UniqueIdentifier>{f2631b64-3a04-47fc-b8f3-c4cc64f21ca0}</UniqueIdentifier>
    </Filter>
  </ItemGroup>
  <ItemGroup>
    <ClInclude Include="Source\BezierSpine.h">
      <Filter>h</Filter>
    </ClInclude>
    <ClInclude Include="Source\Constraints.h">
      <Filter>h</Filter>
    </ClInclude>
    <ClInclude Include="Source\ControlSpline.h">
      <Filter>h</Filter>
    </ClInclude>
    <ClInclude Include="Source\IKFK.h">
      <Filter>h</Filter>
    </ClInclude>
    <ClInclude Include="Source\Rig.h">
      <Filter>h</Filter>
    </ClInclude>
    <ClInclude Include="Source\SlidingPivot.h">
      <Filter>h</Filter>
    </ClInclude>
  </ItemGroup>
  <ItemGroup>
    <None Include="Source\BezierSpine.inl">
      <Filter>inl</Filter>
    </None>
    <None Include="Source\Constraints.inl">
      <Filter>inl</Filter>
    </None>
    <None Include="Source\ControlSpline.inl">
      <Filter>inl</Filter>
    </None>
    <None Include="Source\IKFK.inl">
      <Filter>inl</Filter>
    </None>
    <None Include="Source\SlidingPivot.inl">
      <Filter>inl</Filter>
    </None>
  </ItemGroup>
</Project>